{
  "originHash" : "3a2f89e6b6ac18ffe639b8ee284a8f25e33d51c0ddced1c6f08858d87e56fadf",
  "pins" : [
    {
      "identity" : "swift-syntax",
      "kind" : "remoteSourceControl",
      "location" : "https://github.com/swiftlang/swift-syntax.git",
      "state" : {
        "revision" : "0687f71944021d616d34d922343dcef086855920",
        "version" : "600.0.1"
      }
    },
    {
      "identity" : "swift-testing",
      "kind" : "remoteSourceControl",
      "location" : "https://github.com/swiftlang/swift-testing.git",
      "state" : {
        "revision" : "c55848b2aa4b29a4df542b235dfdd792a6fbe341",
        "version" : "0.12.0"
      }
    }
  ],
  "version" : 3
}
